
Microsoft Visual Studio Solution File, Format Version 12.00
# Visual Studio 15
VisualStudioVersion = 15.0.26730.15
MinimumVisualStudioVersion = 10.0.40219.1
Project("{FAE04EC0-301F-11D3-BF4B-00C04F79EFBC}") = "Koden.Utils.FTPClient", "Koden.Utils.FTP\Koden.Utils.FTPClient.csproj", "{12381AFF-8E63-4218-81A7-DE0103AA7A33}"
EndProject
Project("{FAE04EC0-301F-11D3-BF4B-00C04F79EFBC}") = "Koden.Utils.Exchange", "Koden.Utils.Exchange\Koden.Utils.Exchange.csproj", "{A56B4397-B70E-41DD-BA84-10871CAC7D0A}"
EndProject
Project("{FAE04EC0-301F-11D3-BF4B-00C04F79EFBC}") = "Koden.Utils.REST", "Koden.Utils.REST\Koden.Utils.REST.csproj", "{88F3D1DB-26F2-495B-AE24-27464463C7DA}"
EndProject
Project("{FAE04EC0-301F-11D3-BF4B-00C04F79EFBC}") = "Koden.Utils.Encryption", "Koden.Utils.Encryption\Koden.Utils.Encryption.csproj", "{9ED26E78-A00B-4933-8407-9BC31D0245CF}"
EndProject
Project("{FAE04EC0-301F-11D3-BF4B-00C04F79EFBC}") = "Koden.Utils.Logger", "Koden.Utils.Logger\Koden.Utils.Logger.csproj", "{F5682575-0E1A-4597-88F7-9B62EAB74518}"
EndProject
Project("{FAE04EC0-301F-11D3-BF4B-00C04F79EFBC}") = "Koden.Utils.Emailer", "Koden.Utils.Emailer\Koden.Utils.Emailer.csproj", "{2D35D13B-E1FD-4FEF-A867-881E0635BA50}"
EndProject
Project("{FAE04EC0-301F-11D3-BF4B-00C04F79EFBC}") = "Koden.Utils.AD", "Koden.Utils.AD\Koden.Utils.AD.csproj", "{A6D3FE73-9CF5-4A7E-B249-4B1B8871FAC0}"
EndProject
Project("{FAE04EC0-301F-11D3-BF4B-00C04F79EFBC}") = "Koden.Utils.SharePoint", "Koden.Utils.SharePoint\Koden.Utils.SharePoint.csproj", "{040E66CB-0067-4BDD-A7D8-5B0FFC0BF7EA}"
EndProject
Project("{2150E333-8FDC-42A3-9474-1A3956D46DE8}") = "Tests", "Tests", "{0576F481-2AE7-453F-8208-A4CA743A45A8}"
EndProject
Project("{2150E333-8FDC-42A3-9474-1A3956D46DE8}") = "Documentation", "Documentation", "{61FEEFAD-4F93-4D62-8258-81F696B29EB7}"
EndProject
Project("{FAE04EC0-301F-11D3-BF4B-00C04F79EFBC}") = "Koden.Utils", "Koden.Utils\Koden.Utils.csproj", "{FCE6BEB3-4816-4DEB-B5A7-1EE551093ACF}"
EndProject
Project("{FAE04EC0-301F-11D3-BF4B-00C04F79EFBC}") = "Koden.Utils.IO", "Koden.Utils.IO\Koden.Utils.IO.csproj", "{E8914F88-868D-4581-80C7-6D7CB455E7CD}"
EndProject
Project("{FAE04EC0-301F-11D3-BF4B-00C04F79EFBC}") = "Koden.Utils.Tests", "Tests\Koden.Utils.Tests\Koden.Utils.Tests.csproj", "{B1AAE48F-7ED1-45AE-9F26-0E2CE4A05733}"
EndProject
Project("{2150E333-8FDC-42A3-9474-1A3956D46DE8}") = "Solution Items", "Solution Items", "{6C36E8EE-6F85-4C18-A132-5E12168031A3}"
	ProjectSection(SolutionItems) = preProject
		README.md = README.md
	EndProjectSection
EndProject
Global
	GlobalSection(SolutionConfigurationPlatforms) = preSolution
		Debug|Any CPU = Debug|Any CPU
		DEV|Any CPU = DEV|Any CPU
		QA|Any CPU = QA|Any CPU
		Release|Any CPU = Release|Any CPU
		UAT|Any CPU = UAT|Any CPU
	EndGlobalSection
	GlobalSection(ProjectConfigurationPlatforms) = postSolution
		{12381AFF-8E63-4218-81A7-DE0103AA7A33}.Debug|Any CPU.ActiveCfg = Debug|Any CPU
		{12381AFF-8E63-4218-81A7-DE0103AA7A33}.Debug|Any CPU.Build.0 = Debug|Any CPU
		{12381AFF-8E63-4218-81A7-DE0103AA7A33}.DEV|Any CPU.ActiveCfg = Debug|Any CPU
		{12381AFF-8E63-4218-81A7-DE0103AA7A33}.DEV|Any CPU.Build.0 = Debug|Any CPU
		{12381AFF-8E63-4218-81A7-DE0103AA7A33}.QA|Any CPU.ActiveCfg = Release|Any CPU
		{12381AFF-8E63-4218-81A7-DE0103AA7A33}.QA|Any CPU.Build.0 = Release|Any CPU
		{12381AFF-8E63-4218-81A7-DE0103AA7A33}.Release|Any CPU.ActiveCfg = Release|Any CPU
		{12381AFF-8E63-4218-81A7-DE0103AA7A33}.Release|Any CPU.Build.0 = Release|Any CPU
		{12381AFF-8E63-4218-81A7-DE0103AA7A33}.UAT|Any CPU.ActiveCfg = Release|Any CPU
		{12381AFF-8E63-4218-81A7-DE0103AA7A33}.UAT|Any CPU.Build.0 = Release|Any CPU
		{A56B4397-B70E-41DD-BA84-10871CAC7D0A}.Debug|Any CPU.ActiveCfg = Debug|Any CPU
		{A56B4397-B70E-41DD-BA84-10871CAC7D0A}.Debug|Any CPU.Build.0 = Debug|Any CPU
		{A56B4397-B70E-41DD-BA84-10871CAC7D0A}.DEV|Any CPU.ActiveCfg = Debug|Any CPU
		{A56B4397-B70E-41DD-BA84-10871CAC7D0A}.DEV|Any CPU.Build.0 = Debug|Any CPU
		{A56B4397-B70E-41DD-BA84-10871CAC7D0A}.QA|Any CPU.ActiveCfg = Release|Any CPU
		{A56B4397-B70E-41DD-BA84-10871CAC7D0A}.QA|Any CPU.Build.0 = Release|Any CPU
		{A56B4397-B70E-41DD-BA84-10871CAC7D0A}.Release|Any CPU.ActiveCfg = Release|Any CPU
		{A56B4397-B70E-41DD-BA84-10871CAC7D0A}.Release|Any CPU.Build.0 = Release|Any CPU
		{A56B4397-B70E-41DD-BA84-10871CAC7D0A}.UAT|Any CPU.ActiveCfg = Release|Any CPU
		{A56B4397-B70E-41DD-BA84-10871CAC7D0A}.UAT|Any CPU.Build.0 = Release|Any CPU
		{88F3D1DB-26F2-495B-AE24-27464463C7DA}.Debug|Any CPU.ActiveCfg = Debug|Any CPU
		{88F3D1DB-26F2-495B-AE24-27464463C7DA}.Debug|Any CPU.Build.0 = Debug|Any CPU
		{88F3D1DB-26F2-495B-AE24-27464463C7DA}.DEV|Any CPU.ActiveCfg = Debug|Any CPU
		{88F3D1DB-26F2-495B-AE24-27464463C7DA}.DEV|Any CPU.Build.0 = Debug|Any CPU
		{88F3D1DB-26F2-495B-AE24-27464463C7DA}.QA|Any CPU.ActiveCfg = Release|Any CPU
		{88F3D1DB-26F2-495B-AE24-27464463C7DA}.QA|Any CPU.Build.0 = Release|Any CPU
		{88F3D1DB-26F2-495B-AE24-27464463C7DA}.Release|Any CPU.ActiveCfg = Release|Any CPU
		{88F3D1DB-26F2-495B-AE24-27464463C7DA}.Release|Any CPU.Build.0 = Release|Any CPU
		{88F3D1DB-26F2-495B-AE24-27464463C7DA}.UAT|Any CPU.ActiveCfg = Release|Any CPU
		{88F3D1DB-26F2-495B-AE24-27464463C7DA}.UAT|Any CPU.Build.0 = Release|Any CPU
		{9ED26E78-A00B-4933-8407-9BC31D0245CF}.Debug|Any CPU.ActiveCfg = Debug|Any CPU
		{9ED26E78-A00B-4933-8407-9BC31D0245CF}.Debug|Any CPU.Build.0 = Debug|Any CPU
		{9ED26E78-A00B-4933-8407-9BC31D0245CF}.DEV|Any CPU.ActiveCfg = Debug|Any CPU
		{9ED26E78-A00B-4933-8407-9BC31D0245CF}.DEV|Any CPU.Build.0 = Debug|Any CPU
		{9ED26E78-A00B-4933-8407-9BC31D0245CF}.QA|Any CPU.ActiveCfg = Release|Any CPU
		{9ED26E78-A00B-4933-8407-9BC31D0245CF}.QA|Any CPU.Build.0 = Release|Any CPU
		{9ED26E78-A00B-4933-8407-9BC31D0245CF}.Release|Any CPU.ActiveCfg = Release|Any CPU
		{9ED26E78-A00B-4933-8407-9BC31D0245CF}.Release|Any CPU.Build.0 = Release|Any CPU
		{9ED26E78-A00B-4933-8407-9BC31D0245CF}.UAT|Any CPU.ActiveCfg = Release|Any CPU
		{9ED26E78-A00B-4933-8407-9BC31D0245CF}.UAT|Any CPU.Build.0 = Release|Any CPU
		{F5682575-0E1A-4597-88F7-9B62EAB74518}.Debug|Any CPU.ActiveCfg = Debug|Any CPU
		{F5682575-0E1A-4597-88F7-9B62EAB74518}.Debug|Any CPU.Build.0 = Debug|Any CPU
		{F5682575-0E1A-4597-88F7-9B62EAB74518}.DEV|Any CPU.ActiveCfg = Debug|Any CPU
		{F5682575-0E1A-4597-88F7-9B62EAB74518}.DEV|Any CPU.Build.0 = Debug|Any CPU
		{F5682575-0E1A-4597-88F7-9B62EAB74518}.QA|Any CPU.ActiveCfg = Release|Any CPU
		{F5682575-0E1A-4597-88F7-9B62EAB74518}.QA|Any CPU.Build.0 = Release|Any CPU
		{F5682575-0E1A-4597-88F7-9B62EAB74518}.Release|Any CPU.ActiveCfg = Release|Any CPU
		{F5682575-0E1A-4597-88F7-9B62EAB74518}.Release|Any CPU.Build.0 = Release|Any CPU
		{F5682575-0E1A-4597-88F7-9B62EAB74518}.UAT|Any CPU.ActiveCfg = Release|Any CPU
		{F5682575-0E1A-4597-88F7-9B62EAB74518}.UAT|Any CPU.Build.0 = Release|Any CPU
		{2D35D13B-E1FD-4FEF-A867-881E0635BA50}.Debug|Any CPU.ActiveCfg = Debug|Any CPU
		{2D35D13B-E1FD-4FEF-A867-881E0635BA50}.Debug|Any CPU.Build.0 = Debug|Any CPU
		{2D35D13B-E1FD-4FEF-A867-881E0635BA50}.DEV|Any CPU.ActiveCfg = Debug|Any CPU
		{2D35D13B-E1FD-4FEF-A867-881E0635BA50}.DEV|Any CPU.Build.0 = Debug|Any CPU
		{2D35D13B-E1FD-4FEF-A867-881E0635BA50}.QA|Any CPU.ActiveCfg = Release|Any CPU
		{2D35D13B-E1FD-4FEF-A867-881E0635BA50}.QA|Any CPU.Build.0 = Release|Any CPU
		{2D35D13B-E1FD-4FEF-A867-881E0635BA50}.Release|Any CPU.ActiveCfg = Release|Any CPU
		{2D35D13B-E1FD-4FEF-A867-881E0635BA50}.Release|Any CPU.Build.0 = Release|Any CPU
		{2D35D13B-E1FD-4FEF-A867-881E0635BA50}.UAT|Any CPU.ActiveCfg = Release|Any CPU
		{2D35D13B-E1FD-4FEF-A867-881E0635BA50}.UAT|Any CPU.Build.0 = Release|Any CPU
		{A6D3FE73-9CF5-4A7E-B249-4B1B8871FAC0}.Debug|Any CPU.ActiveCfg = Debug|Any CPU
		{A6D3FE73-9CF5-4A7E-B249-4B1B8871FAC0}.Debug|Any CPU.Build.0 = Debug|Any CPU
		{A6D3FE73-9CF5-4A7E-B249-4B1B8871FAC0}.DEV|Any CPU.ActiveCfg = Debug|Any CPU
		{A6D3FE73-9CF5-4A7E-B249-4B1B8871FAC0}.DEV|Any CPU.Build.0 = Debug|Any CPU
		{A6D3FE73-9CF5-4A7E-B249-4B1B8871FAC0}.QA|Any CPU.ActiveCfg = Release|Any CPU
		{A6D3FE73-9CF5-4A7E-B249-4B1B8871FAC0}.QA|Any CPU.Build.0 = Release|Any CPU
		{A6D3FE73-9CF5-4A7E-B249-4B1B8871FAC0}.Release|Any CPU.ActiveCfg = Release|Any CPU
		{A6D3FE73-9CF5-4A7E-B249-4B1B8871FAC0}.Release|Any CPU.Build.0 = Release|Any CPU
		{A6D3FE73-9CF5-4A7E-B249-4B1B8871FAC0}.UAT|Any CPU.ActiveCfg = Release|Any CPU
		{A6D3FE73-9CF5-4A7E-B249-4B1B8871FAC0}.UAT|Any CPU.Build.0 = Release|Any CPU
		{040E66CB-0067-4BDD-A7D8-5B0FFC0BF7EA}.Debug|Any CPU.ActiveCfg = Debug|Any CPU
		{040E66CB-0067-4BDD-A7D8-5B0FFC0BF7EA}.Debug|Any CPU.Build.0 = Debug|Any CPU
		{040E66CB-0067-4BDD-A7D8-5B0FFC0BF7EA}.DEV|Any CPU.ActiveCfg = Debug|Any CPU
		{040E66CB-0067-4BDD-A7D8-5B0FFC0BF7EA}.DEV|Any CPU.Build.0 = Debug|Any CPU
		{040E66CB-0067-4BDD-A7D8-5B0FFC0BF7EA}.QA|Any CPU.ActiveCfg = Release|Any CPU
		{040E66CB-0067-4BDD-A7D8-5B0FFC0BF7EA}.QA|Any CPU.Build.0 = Release|Any CPU
		{040E66CB-0067-4BDD-A7D8-5B0FFC0BF7EA}.Release|Any CPU.ActiveCfg = Release|Any CPU
		{040E66CB-0067-4BDD-A7D8-5B0FFC0BF7EA}.Release|Any CPU.Build.0 = Release|Any CPU
		{040E66CB-0067-4BDD-A7D8-5B0FFC0BF7EA}.UAT|Any CPU.ActiveCfg = Release|Any CPU
		{040E66CB-0067-4BDD-A7D8-5B0FFC0BF7EA}.UAT|Any CPU.Build.0 = Release|Any CPU
		{FCE6BEB3-4816-4DEB-B5A7-1EE551093ACF}.Debug|Any CPU.ActiveCfg = Debug|Any CPU
		{FCE6BEB3-4816-4DEB-B5A7-1EE551093ACF}.Debug|Any CPU.Build.0 = Debug|Any CPU
		{FCE6BEB3-4816-4DEB-B5A7-1EE551093ACF}.DEV|Any CPU.ActiveCfg = DEV|Any CPU
		{FCE6BEB3-4816-4DEB-B5A7-1EE551093ACF}.DEV|Any CPU.Build.0 = DEV|Any CPU
		{FCE6BEB3-4816-4DEB-B5A7-1EE551093ACF}.QA|Any CPU.ActiveCfg = QA|Any CPU
		{FCE6BEB3-4816-4DEB-B5A7-1EE551093ACF}.QA|Any CPU.Build.0 = QA|Any CPU
		{FCE6BEB3-4816-4DEB-B5A7-1EE551093ACF}.Release|Any CPU.ActiveCfg = Release|Any CPU
		{FCE6BEB3-4816-4DEB-B5A7-1EE551093ACF}.Release|Any CPU.Build.0 = Release|Any CPU
		{FCE6BEB3-4816-4DEB-B5A7-1EE551093ACF}.UAT|Any CPU.ActiveCfg = UAT|Any CPU
		{FCE6BEB3-4816-4DEB-B5A7-1EE551093ACF}.UAT|Any CPU.Build.0 = UAT|Any CPU
		{E8914F88-868D-4581-80C7-6D7CB455E7CD}.Debug|Any CPU.ActiveCfg = Debug|Any CPU
		{E8914F88-868D-4581-80C7-6D7CB455E7CD}.Debug|Any CPU.Build.0 = Debug|Any CPU
		{E8914F88-868D-4581-80C7-6D7CB455E7CD}.DEV|Any CPU.ActiveCfg = Debug|Any CPU
		{E8914F88-868D-4581-80C7-6D7CB455E7CD}.DEV|Any CPU.Build.0 = Debug|Any CPU
		{E8914F88-868D-4581-80C7-6D7CB455E7CD}.QA|Any CPU.ActiveCfg = Release|Any CPU
		{E8914F88-868D-4581-80C7-6D7CB455E7CD}.QA|Any CPU.Build.0 = Release|Any CPU
		{E8914F88-868D-4581-80C7-6D7CB455E7CD}.Release|Any CPU.ActiveCfg = Release|Any CPU
		{E8914F88-868D-4581-80C7-6D7CB455E7CD}.Release|Any CPU.Build.0 = Release|Any CPU
		{E8914F88-868D-4581-80C7-6D7CB455E7CD}.UAT|Any CPU.ActiveCfg = Release|Any CPU
		{E8914F88-868D-4581-80C7-6D7CB455E7CD}.UAT|Any CPU.Build.0 = Release|Any CPU
		{B1AAE48F-7ED1-45AE-9F26-0E2CE4A05733}.Debug|Any CPU.ActiveCfg = Debug|Any CPU
		{B1AAE48F-7ED1-45AE-9F26-0E2CE4A05733}.Debug|Any CPU.Build.0 = Debug|Any CPU
		{B1AAE48F-7ED1-45AE-9F26-0E2CE4A05733}.DEV|Any CPU.ActiveCfg = Debug|Any CPU
		{B1AAE48F-7ED1-45AE-9F26-0E2CE4A05733}.DEV|Any CPU.Build.0 = Debug|Any CPU
		{B1AAE48F-7ED1-45AE-9F26-0E2CE4A05733}.QA|Any CPU.ActiveCfg = Release|Any CPU
		{B1AAE48F-7ED1-45AE-9F26-0E2CE4A05733}.QA|Any CPU.Build.0 = Release|Any CPU
		{B1AAE48F-7ED1-45AE-9F26-0E2CE4A05733}.Release|Any CPU.ActiveCfg = Release|Any CPU
		{B1AAE48F-7ED1-45AE-9F26-0E2CE4A05733}.Release|Any CPU.Build.0 = Release|Any CPU
		{B1AAE48F-7ED1-45AE-9F26-0E2CE4A05733}.UAT|Any CPU.ActiveCfg = Release|Any CPU
		{B1AAE48F-7ED1-45AE-9F26-0E2CE4A05733}.UAT|Any CPU.Build.0 = Release|Any CPU
	EndGlobalSection
	GlobalSection(SolutionProperties) = preSolution
		HideSolutionNode = FALSE
	EndGlobalSection
	GlobalSection(NestedProjects) = preSolution
		{B1AAE48F-7ED1-45AE-9F26-0E2CE4A05733} = {0576F481-2AE7-453F-8208-A4CA743A45A8}
	EndGlobalSection
	GlobalSection(ExtensibilityGlobals) = postSolution
		SolutionGuid = {33884416-9F02-493A-838F-3AE8706B4209}
	EndGlobalSection
EndGlobal
